
Microsoft Visual Studio Solution File, Format Version 15.00
# Visual Studio 2017
Project("{FAE04EC0-301F-11D3-BF4B-00C04F79EFBC}") = "ChilliSource.Mobile.Logging", "ChilliSource.Mobile.Logging.csproj", "{FA1775C4-37BA-4B09-9BEB-DE4BC730F465}"
EndProject
Global
	GlobalSection(SolutionConfigurationPlatforms) = preSolution
		Release|netstandard1.6|AnyCPU = Release|netstandard1.6|AnyCPU
		Release|Xamarin.iOS10|AnyCPU = Release|Xamarin.iOS10|AnyCPU
		Release|MonoAndroid70|AnyCPU = Release|MonoAndroid70|AnyCPU
		Release|net462|AnyCPU = Release|net462|AnyCPU
		Debug|Any CPU = Debug|Any CPU
		Release|Any CPU = Release|Any CPU
	EndGlobalSection
	GlobalSection(ProjectConfigurationPlatforms) = postSolution
		{FA1775C4-37BA-4B09-9BEB-DE4BC730F465}.Release|netstandard1.6|AnyCPU.ActiveCfg = Release|netstandard1.6|AnyCPU
		{FA1775C4-37BA-4B09-9BEB-DE4BC730F465}.Release|netstandard1.6|AnyCPU.Build.0 = Release|netstandard1.6|AnyCPU
		{FA1775C4-37BA-4B09-9BEB-DE4BC730F465}.Release|Xamarin.iOS10|AnyCPU.ActiveCfg = Release|Xamarin.iOS10|AnyCPU
		{FA1775C4-37BA-4B09-9BEB-DE4BC730F465}.Release|Xamarin.iOS10|AnyCPU.Build.0 = Release|Xamarin.iOS10|AnyCPU
		{FA1775C4-37BA-4B09-9BEB-DE4BC730F465}.Release|MonoAndroid70|AnyCPU.ActiveCfg = Release|MonoAndroid70|AnyCPU
		{FA1775C4-37BA-4B09-9BEB-DE4BC730F465}.Release|MonoAndroid70|AnyCPU.Build.0 = Release|MonoAndroid70|AnyCPU
		{FA1775C4-37BA-4B09-9BEB-DE4BC730F465}.Release|net462|AnyCPU.ActiveCfg = Release|net462|AnyCPU
		{FA1775C4-37BA-4B09-9BEB-DE4BC730F465}.Release|net462|AnyCPU.Build.0 = Release|net462|AnyCPU
		{FA1775C4-37BA-4B09-9BEB-DE4BC730F465}.Debug|Any CPU.ActiveCfg = Debug|Any CPU
		{FA1775C4-37BA-4B09-9BEB-DE4BC730F465}.Debug|Any CPU.Build.0 = Debug|Any CPU
		{FA1775C4-37BA-4B09-9BEB-DE4BC730F465}.Release|Any CPU.ActiveCfg = Release|Any CPU
		{FA1775C4-37BA-4B09-9BEB-DE4BC730F465}.Release|Any CPU.Build.0 = Release|Any CPU
	EndGlobalSection
EndGlobal
